lockfileVersion: '6.0'

settings:
  autoInstallPeers: true
  excludeLinksFromLockfile: false

devDependencies:
  '@tsconfig/esm':
    specifier: 1.0.4
    version: 1.0.4
  '@tsconfig/strictest':
    specifier: 2.0.1
    version: 2.0.1
  prettier:
    specifier: 3.0.2
    version: 3.0.2
  typescript:
    specifier: 5.1.6
    version: 5.1.6

packages:

  /@tsconfig/esm@1.0.4:
    resolution: {integrity: sha512-bix9CWljCxyD06nGQRDYdmTw0wevvEDyrLKjbDocGV31JQYbfqqgMV1yFeJ9aDgorKQ9yDLrak8poiggsB5Liw==}
    dev: true

  /@tsconfig/strictest@2.0.1:
    resolution: {integrity: sha512-7JHHCbyCsGUxLd0pDbp24yz3zjxw2t673W5oAP6HCEdr/UUhaRhYd3SSnUsGCk+VnPVJVA4mXROzbhI+nyIk+w==}
    dev: true

  /prettier@3.0.2:
    resolution: {integrity: sha512-o2YR9qtniXvwEZlOKbveKfDQVyqxbEIWn48Z8m3ZJjBjcCmUy3xZGIv+7AkaeuaTr6yPXJjwv07ZWlsWbEy1rQ==}
    engines: {node: '>=14'}
    hasBin: true
    dev: true

  /typescript@5.1.6:
    resolution: {integrity: sha512-zaWCozRZ6DLEWAWFrVDz1H6FVXzUSfTy5FUMWsQlU8Ym5JP9eO4xkTIROFCQvhQf61z6O/G6ugw3SgAnvvm+HA==}
    engines: {node: '>=14.17'}
    hasBin: true
    dev: true
